// !$*UTF8*$!
{
	archiveVersion = 1;
	classes = {
	};
	objectVersion = 48;
	objects = {

/* Begin PBXBuildFile section */
		CB455EDF1FFC59D900B9D326 /* AppDelegate.swift in Sources */ = {isa = PBXBuildFile; fileRef = CB455EDE1FFC59D900B9D326 /* AppDelegate.swift */; };
		CB455EE11FFC59D900B9D326 /* ViewController.swift in Sources */ = {isa = PBXBuildFile; fileRef = CB455EE01FFC59D900B9D326 /* ViewController.swift */; };
		CB455EE41FFC59D900B9D326 /* Main.storyboard in Resources */ = {isa = PBXBuildFile; fileRef = CB455EE21FFC59D900B9D326 /* Main.storyboard */; };
		CB455EE61FFC59D900B9D326 /* Assets.xcassets in Resources */ = {isa = PBXBuildFile; fileRef = CB455EE51FFC59D900B9D326 /* Assets.xcassets */; };
		CB455EE91FFC59D900B9D326 /* LaunchScreen.storyboard in Resources */ = {isa = PBXBuildFile; fileRef = CB455EE71FFC59D900B9D326 /* LaunchScreen.storyboard */; };
/* End PBXBuildFile section */

/* Begin PBXFileReference section */
		CB455EDB1FFC59D900B9D326 /* Sound Overflow.app */ = {isa = PBXFileReference; explicitFileType = wrapper.application; includeInIndex = 0; path = "Sound Overflow.app"; sourceTree = BUILT_PRODUCTS_DIR; };
		CB455EDE1FFC59D900B9D326 /* AppDelegate.swift */ = {isa = PBXFileReference; lastKnownFileType = sourcecode.swift; path = AppDelegate.swift; sourceTree = "<group>"; };
		CB455EE01FFC59D900B9D326 /* ViewController.swift */ = {isa = PBXFileReference; lastKnownFileType = sourcecode.swift; path = ViewController.swift; sourceTree = "<group>"; };
		CB455EE31FFC59D900B9D326 /* Base */ = {isa = PBXFileReference; lastKnownFileType = file.storyboard; name = Base; path = Base.lproj/Main.storyboard; sourceTree = "<group>"; };
		CB455EE51FFC59D900B9D326 /* Assets.xcassets */ = {isa = PBXFileReference; lastKnownFileType = folder.assetcatalog; path = Assets.xcassets; sourceTree = "<group>"; };
		CB455EE81FFC59D900B9D326 /* Base */ = {isa = PBXFileReference; lastKnownFileType = file.storyboard; name = Base; path = Base.lproj/LaunchScreen.storyboard; sourceTree = "<group>"; };
		CB455EEA1FFC59D900B9D326 /* Info.plist */ = {isa = PBXFileReference; lastKnownFileType = text.plist.xml; path = Info.plist; sourceTree = "<group>"; };
/* End PBXFileReference section */

/* Begin PBXFrameworksBuildPhase section */
		CB455ED81FFC59D900B9D326 /* Frameworks */ = {
			isa = PBXFrameworksBuildPhase;
			buildActionMask = 2147483647;
			files = (
			);
			runOnlyForDeploymentPostprocessing = 0;
		};
/* End PBXFrameworksBuildPhase section */

/* Begin PBXGroup section */
		CB455ED21FFC59D900B9D326 = {
			isa = PBXGroup;
			children = (
				CB455EDD1FFC59D900B9D326 /* Sound Overflow */,
				CB455EDC1FFC59D900B9D326 /* Products */,
			);
			sourceTree = "<group>";
		};
		CB455EDC1FFC59D900B9D326 /* Products */ = {
			isa = PBXGroup;
			children = (
				CB455EDB1FFC59D900B9D326 /* Sound Overflow.app */,
			);
			name = Products;
			sourceTree = "<group>";
		};
		CB455EDD1FFC59D900B9D326 /* Sound Overflow */ = {
			isa = PBXGroup;
			children = (
				CB455EDE1FFC59D900B9D326 /* AppDelegate.swift */,
				CB455EE01FFC59D900B9D326 /* ViewController.swift */,
				CB455EE21FFC59D900B9D326 /* Main.storyboard */,
				CB455EE51FFC59D900B9D326 /* Assets.xcassets */,
				CB455EE71FFC59D900B9D326 /* LaunchScreen.storyboard */,
				CB455EEA1FFC59D900B9D326 /* Info.plist */,
			);
			path = "Sound Overflow";
			sourceTree = "<group>";
		};
/* End PBXGroup section */

/* Begin PBXNativeTarget section */
		CB455EDA1FFC59D900B9D326 /* Sound Overflow */ = {
			isa = PBXNativeTarget;
			buildConfigurationList = CB455EED1FFC59D900B9D326 /* Build configuration list for PBXNativeTarget "Sound Overflow" */;
			buildPhases = (
				CB455ED71FFC59D900B9D326 /* Sources */,
				CB455ED81FFC59D900B9D326 /* Frameworks */,
				CB455ED91FFC59D900B9D326 /* Resources */,
			);
			buildRules = (
			);
			dependencies = (
			);
			name = "Sound Overflow";
			productName = "Sound Overflow";
			productReference = CB455EDB1FFC59D900B9D326 /* Sound Overflow.app */;
			productType = "com.apple.product-type.application";
		};
/* End PBXNativeTarget section */

/* Begin PBXProject section */
		CB455ED31FFC59D900B9D326 /* Project object */ = {
			isa = PBXProject;
			attributes = {
				LastSwiftUpdateCheck = 0920;
				LastUpgradeCheck = 0920;
				ORGANIZATIONNAME = "Tanja  Stroble";
				TargetAttributes = {
					CB455EDA1FFC59D900B9D326 = {
						CreatedOnToolsVersion = 9.2;
						ProvisioningStyle = Automatic;
					};
				};
			};
			buildConfigurationList = CB455ED61FFC59D900B9D326 /* Build configuration list for PBXProject "Sound Overflow" */;
			compatibilityVersion = "Xcode 8.0";
			developmentRegion = en;
			hasScannedForEncodings = 0;
			knownRegions = (
				en,
				Base,
			);
			mainGroup = CB455ED21FFC59D900B9D326;
			productRefGroup = CB455EDC1FFC59D900B9D326 /* Products */;
			projectDirPath = "";
			projectRoot = "";
			targets = (
				CB455EDA1FFC59D900B9D326 /* Sound Overflow */,
			);
		};
/* End PBXProject section */

/* Begin PBXResourcesBuildPhase section */
		CB455ED91FFC59D900B9D326 /* Resources */ = {
			isa = PBXResourcesBuildPhase;
			buildActionMask = 2147483647;
			files = (
				CB455EE91FFC59D900B9D326 /* LaunchScreen.storyboard in Resources */,
				CB455EE61FFC59D900B9D326 /* Assets.xcassets in Resources */,
				CB455EE41FFC59D900B9D326 /* Main.storyboard in Resources */,
			);
			runOnlyForDeploymentPostprocessing = 0;
		};
/* End PBXResourcesBuildPhase section */

/* Begin PBXSourcesBuildPhase section */
		CB455ED71FFC59D900B9D326 /* Sources */ = {
			isa = PBXSourcesBuildPhase;
			buildActionMask = 2147483647;
			files = (
				CB455EE11FFC59D900B9D326 /* ViewController.swift in Sources */,
				CB455EDF1FFC59D900B9D326 /* AppDelegate.swift in Sources */,
			);
			runOnlyForDeploymentPostprocessing = 0;
		};
/* End PBXSourcesBuildPhase section */

/* Begin PBXVariantGroup section */
		CB455EE21FFC59D900B9D326 /* Main.storyboard */ = {
			isa = PBXVariantGroup;
			children = (
				CB455EE31FFC59D900B9D326 /* Base */,
			);
			name = Main.storyboard;
			sourceTree = "<group>";
		};
		CB455EE71FFC59D900B9D326 /* LaunchScreen.storyboard */ = {
			isa = PBXVariantGroup;
			children = (
				CB455EE81FFC59D900B9D326 /* Base */,
			);
			name = LaunchScreen.storyboard;
			sourceTree = "<group>";
		};
/* End PBXVariantGroup section */

/* Begin XCBuildConfiguration section */
		CB455EEB1FFC59D900B9D326 /* Debug */ = {
			isa = XCBuildConfiguration;
			buildSettings = {
				ALWAYS_SEARCH_USER_PATHS = NO;
				CLANG_ANALYZER_NONNULL = YES;
				CLANG_ANALYZER_NUMBER_OBJECT_CONVERSION = YES_AGGRESSIVE;
				CLANG_CXX_LANGUAGE_STANDARD = "gnu++14";
				CLANG_CXX_LIBRARY = "libc++";
				CLANG_ENABLE_MODULES = YES;
				CLANG_ENABLE_OBJC_ARC = YES;
				CLANG_WARN_BLOCK_CAPTURE_AUTORELEASING = YES;
				CLANG_WARN_BOOL_CONVERSION = YES;
				CLANG_WARN_COMMA = YES;
				CLANG_WARN_CONSTANT_CONVERSION = YES;
				CLANG_WARN_DIRECT_OBJC_ISA_USAGE = YES_ERROR;
				CLANG_WARN_DOCUMENTATION_COMMENTS = YES;
				CLANG_WARN_EMPTY_BODY = YES;
				CLANG_WARN_ENUM_CONVERSION = YES;
				CLANG_WARN_INFINITE_RECURSION = YES;
				CLANG_WARN_INT_CONVERSION = YES;
				CLANG_WARN_NON_LITERAL_NULL_CONVERSION = YES;
				CLANG_WARN_OBJC_LITERAL_CONVERSION = YES;
				CLANG_WARN_OBJC_ROOT_CLASS = YES_ERROR;
				CLANG_WARN_RANGE_LOOP_ANALYSIS = YES;
				CLANG_WARN_STRICT_PROTOTYPES = YES;
				CLANG_WARN_SUSPICIOUS_MOVE = YES;
				CLANG_WARN_UNGUARDED_AVAILABILITY = YES_AGGRESSIVE;
				CLANG_WARN_UNREACHABLE_CODE = YES;
				CLANG_WARN__DUPLICATE_METHOD_MATCH = YES;
				CODE_SIGN_IDENTITY = "iPhone Developer";
				COPY_PHASE_STRIP = NO;
				DEBUG_INFORMATION_FORMAT = dwarf;
				ENABLE_STRICT_OBJC_MSGSEND = YES;
				ENABLE_TESTABILITY = YES;
				GCC_C_LANGUAGE_STANDARD = gnu11;
				GCC_DYNAMIC_NO_PIC = NO;
				GCC_NO_COMMON_BLOCKS = YES;
				GCC_OPTIMIZATION_LEVEL = 0;
				GCC_PREPROCESSOR_DEFINITIONS = (
					"DEBUG=1",
					"$(inherited)",
				);
				GCC_WARN_64_TO_32_BIT_CONVERSION = YES;
				GCC_WARN_ABOUT_RETURN_TYPE = YES_ERROR;
				GCC_WARN_UNDECLARED_SELECTOR = YES;
				GCC_WARN_UNINITIALIZED_AUTOS = YES_AGGRESSIVE;
				GCC_WARN_UNUSED_FUNCTION = YES;
				GCC_WARN_UNUSED_VARIABLE = YES;
				IPHONEOS_DEPLOYMENT_TARGET = 11.2;
				MTL_ENABLE_DEBUG_INFO = YES;
				ONLY_ACTIVE_ARCH = YES;
				SDKROOT = iphoneos;
				SWIFT_ACTIVE_COMPILATION_CONDITIONS = DEBUG;
				SWIFT_OPTIMIZATION_LEVEL = "-Onone";
			};
			name = Debug;
		};
		CB455EEC1FFC59D900B9D326 /* Release */ = {
			isa = XCBuildConfiguration;
			buildSettings = {
				ALWAYS_SEARCH_USER_PATHS = NO;
				CLANG_ANALYZER_NONNULL = YES;
				CLANG_ANALYZER_NUMBER_OBJECT_CONVERSION = YES_AGGRESSIVE;
				CLANG_CXX_LANGUAGE_STANDARD = "gnu++14";
				CLANG_CXX_LIBRARY = "libc++";
				CLANG_ENABLE_MODULES = YES;
				CLANG_ENABLE_OBJC_ARC = YES;
				CLANG_WARN_BLOCK_CAPTURE_AUTORELEASING = YES;
				CLANG_WARN_BOOL_CONVERSION = YES;
				CLANG_WARN_COMMA = YES;
				CLANG_WARN_CONSTANT_CONVERSION = YES;
				CLANG_WARN_DIRECT_OBJC_ISA_USAGE = YES_ERROR;
				CLANG_WARN_DOCUMENTATION_COMMENTS = YES;
				CLANG_WARN_EMPTY_BODY = YES;
				CLANG_WARN_ENUM_CONVERSION = YES;
				CLANG_WARN_INFINITE_RECURSION = YES;
				CLANG_WARN_INT_CONVERSION = YES;
				CLANG_WARN_NON_LITERAL_NULL_CONVERSION = YES;
				CLANG_WARN_OBJC_LITERAL_CONVERSION = YES;
				CLANG_WARN_OBJC_ROOT_CLASS = YES_ERROR;
				CLANG_WARN_RANGE_LOOP_ANALYSIS = YES;
				CLANG_WARN_STRICT_PROTOTYPES = YES;
				CLANG_WARN_SUSPICIOUS_MOVE = YES;
				CLANG_WARN_UNGUARDED_AVAILABILITY = YES_AGGRESSIVE;
				CLANG_WARN_UNREACHABLE_CODE = YES;
				CLANG_WARN__DUPLICATE_METHOD_MATCH = YES;
				CODE_SIGN_IDENTITY = "iPhone Developer";
				COPY_PHASE_STRIP = NO;
				DEBUG_INFORMATION_FORMAT = "dwarf-with-dsym";
				ENABLE_NS_ASSERTIONS = NO;
				ENABLE_STRICT_OBJC_MSGSEND = YES;
				GCC_C_LANGUAGE_STANDARD = gnu11;
				GCC_NO_COMMON_BLOCKS = YES;
				GCC_WARN_64_TO_32_BIT_CONVERSION = YES;
				GCC_WARN_ABOUT_RETURN_TYPE = YES_ERROR;
				GCC_WARN_UNDECLARED_SELECTOR = YES;
				GCC_WARN_UNINITIALIZED_AUTOS = YES_AGGRESSIVE;
				GCC_WARN_UNUSED_FUNCTION = YES;
				GCC_WARN_UNUSED_VARIABLE = YES;
				IPHONEOS_DEPLOYMENT_TARGET = 11.2;
				MTL_ENABLE_DEBUG_INFO = NO;
				SDKROOT = iphoneos;
				SWIFT_OPTIMIZATION_LEVEL = "-Owholemodule";
				VALIDATE_PRODUCT = YES;
			};
			name = Release;
		};
		CB455EEE1FFC59D900B9D326 /* Debug */ = {
			isa = XCBuildConfiguration;
			buildSettings = {
				ASSETCATALOG_COMPILER_APPICON_NAME = AppIcon;
				CODE_SIGN_STYLE = Automatic;
				DEVELOPMENT_TEAM = RK8692CCSK;
				INFOPLIST_FILE = "Sound Overflow/Info.plist";
				LD_RUNPATH_SEARCH_PATHS = "$(inherited) @executable_path/Frameworks";
				PRODUCT_BUNDLE_IDENTIFIER = "Tanja.Sound-Overflow";
				PRODUCT_NAME = "$(TARGET_NAME)";
				SWIFT_VERSION = 4.0;
				TARGETED_DEVICE_FAMILY = "1,2";
			};
			name = Debug;
		};
		CB455EEF1FFC59D900B9D326 /* Release */ = {
			isa = XCBuildConfiguration;
			buildSettings = {
				ASSETCATALOG_COMPILER_APPICON_NAME = AppIcon;
				CODE_SIGN_STYLE = Automatic;
				DEVELOPMENT_TEAM = RK8692CCSK;
				INFOPLIST_FILE = "Sound Overflow/Info.plist";
				LD_RUNPATH_SEARCH_PATHS = "$(inherited) @executable_path/Frameworks";
				PRODUCT_BUNDLE_IDENTIFIER = "Tanja.Sound-Overflow";
				PRODUCT_NAME = "$(TARGET_NAME)";
				SWIFT_VERSION = 4.0;
				TARGETED_DEVICE_FAMILY = "1,2";
			};
			name = Release;
		};
/* End XCBuildConfiguration section */

/* Begin XCConfigurationList section */
		CB455ED61FFC59D900B9D326 /* Build configuration list for PBXProject "Sound Overflow" */ = {
			isa = XCConfigurationList;
			buildConfigurations = (
				CB455EEB1FFC59D900B9D326 /* Debug */,
				CB455EEC1FFC59D900B9D326 /* Release */,
			);
			defaultConfigurationIsVisible = 0;
			defaultConfigurationName = Release;
		};
		CB455EED1FFC59D900B9D326 /* Build configuration list for PBXNativeTarget "Sound Overflow" */ = {
			isa = XCConfigurationList;
			buildConfigurations = (
				CB455EEE1FFC59D900B9D326 /* Debug */,
				CB455EEF1FFC59D900B9D326 /* Release */,
			);
			defaultConfigurationIsVisible = 0;
			defaultConfigurationName = Release;
		};
/* End XCConfigurationList section */
	};
	rootObject = CB455ED31FFC59D900B9D326 /* Project object */;
}
